packages:
  rtl_primitive:
    revision: 8be2d730dd83b5fb4036ed98ac663660683d5d29
    version: null
    source:
      Git: https://github.com/shotaminato/rtl_primitive.git
    dependencies: []
  uart:
    revision: 4410314af25995972a1f896dba4b7c297425b7a0
    version: null
    source:
      Git: https://github.com/shotaminato/uart.git
    dependencies:
    - rtl_primitive
