# -------------------------------------------------------------------------- #
#
# Quartus Prime project assignments for DE0-CV
# Device: Cyclone V 5CEBA4F23C7
#
# -------------------------------------------------------------------------- #

set_global_assignment -name FAMILY "Cyclone V"
set_global_assignment -name DEVICE 5CEBA4F23C7
set_global_assignment -name TOP_LEVEL_ENTITY toplevel
set_global_assignment -name ORIGINAL_QUARTUS_VERSION 15.0.2
set_global_assignment -name LAST_QUARTUS_VERSION 15.0.2
set_global_assignment -name VERILOG_FILE ../rtl/de0cv_interface.v
set_global_assignment -name VERILOG_FILE ../rtl/double_click.v
set_global_assignment -name VERILOG_FILE ../rtl/fifo.v
set_global_assignment -name VERILOG_FILE ../rtl/sdram_controller.v
set_global_assignment -name VERILOG_FILE ../rtl/toplevel.v
set_global_assignment -name VERILOG_FILE ../quartus/pll.v
set_global_assignment -name SDC_FILE ../data/de0_cv.sdc

#
# Clock / Reset / User I/O  (DE0-CV User Manual Tables 3-2, 3-3, 3-4, 3-6)
#
set_location_assignment PIN_M9 -to CLOCK_50
set_instance_assignment -name IO_STANDARD "3.3-V LVTTL" -to CLOCK_50
set_location_assignment PIN_P22 -to RESET_N
set_instance_assignment -name IO_STANDARD "3.3-V LVTTL" -to RESET_N
set_location_assignment PIN_U7 -to KEY
set_instance_assignment -name IO_STANDARD "3.3-V LVTTL" -to KEY

set_location_assignment PIN_U13 -to SW[0]
set_location_assignment PIN_V13 -to SW[1]
set_location_assignment PIN_T13 -to SW[2]
set_location_assignment PIN_T12 -to SW[3]
set_instance_assignment -name IO_STANDARD "3.3-V LVTTL" -to SW[*]

set_location_assignment PIN_AA2 -to LEDR[0]
set_instance_assignment -name IO_STANDARD "3.3-V LVTTL" -to LEDR[0]
set_location_assignment PIN_AA1 -to LEDR[1]
set_instance_assignment -name IO_STANDARD "3.3-V LVTTL" -to LEDR[1]
set_location_assignment PIN_W2 -to LEDR[2]
set_instance_assignment -name IO_STANDARD "3.3-V LVTTL" -to LEDR[2]
set_location_assignment PIN_Y3 -to LEDR[3]
set_instance_assignment -name IO_STANDARD "3.3-V LVTTL" -to LEDR[3]
set_location_assignment PIN_N2 -to LEDR[4]
set_instance_assignment -name IO_STANDARD "3.3-V LVTTL" -to LEDR[4]
set_location_assignment PIN_N1 -to LEDR[5]
set_instance_assignment -name IO_STANDARD "3.3-V LVTTL" -to LEDR[5]
set_location_assignment PIN_U2 -to LEDR[6]
set_instance_assignment -name IO_STANDARD "3.3-V LVTTL" -to LEDR[6]
set_location_assignment PIN_U1 -to LEDR[7]
set_instance_assignment -name IO_STANDARD "3.3-V LVTTL" -to LEDR[7]

#
# SDRAM  (DE0-CV User Manual Table 3-13, 3.3-V LVCMOS)
#
set_location_assignment PIN_W8 -to DRAM_ADDR[0]
set_instance_assignment -name IO_STANDARD "3.3-V LVCMOS" -to DRAM_ADDR[0]
set_location_assignment PIN_T8 -to DRAM_ADDR[1]
set_instance_assignment -name IO_STANDARD "3.3-V LVCMOS" -to DRAM_ADDR[1]
set_location_assignment PIN_U11 -to DRAM_ADDR[2]
set_instance_assignment -name IO_STANDARD "3.3-V LVCMOS" -to DRAM_ADDR[2]
set_location_assignment PIN_Y10 -to DRAM_ADDR[3]
set_instance_assignment -name IO_STANDARD "3.3-V LVCMOS" -to DRAM_ADDR[3]
set_location_assignment PIN_N6 -to DRAM_ADDR[4]
set_instance_assignment -name IO_STANDARD "3.3-V LVCMOS" -to DRAM_ADDR[4]
set_location_assignment PIN_AB10 -to DRAM_ADDR[5]
set_instance_assignment -name IO_STANDARD "3.3-V LVCMOS" -to DRAM_ADDR[5]
set_location_assignment PIN_P12 -to DRAM_ADDR[6]
set_instance_assignment -name IO_STANDARD "3.3-V LVCMOS" -to DRAM_ADDR[6]
set_location_assignment PIN_P7 -to DRAM_ADDR[7]
set_instance_assignment -name IO_STANDARD "3.3-V LVCMOS" -to DRAM_ADDR[7]
set_location_assignment PIN_P8 -to DRAM_ADDR[8]
set_instance_assignment -name IO_STANDARD "3.3-V LVCMOS" -to DRAM_ADDR[8]
set_location_assignment PIN_R5 -to DRAM_ADDR[9]
set_instance_assignment -name IO_STANDARD "3.3-V LVCMOS" -to DRAM_ADDR[9]
set_location_assignment PIN_U8 -to DRAM_ADDR[10]
set_instance_assignment -name IO_STANDARD "3.3-V LVCMOS" -to DRAM_ADDR[10]
set_location_assignment PIN_P6 -to DRAM_ADDR[11]
set_instance_assignment -name IO_STANDARD "3.3-V LVCMOS" -to DRAM_ADDR[11]
set_location_assignment PIN_R7 -to DRAM_ADDR[12]
set_instance_assignment -name IO_STANDARD "3.3-V LVCMOS" -to DRAM_ADDR[12]

set_location_assignment PIN_Y9 -to DRAM_DQ[0]
set_instance_assignment -name IO_STANDARD "3.3-V LVCMOS" -to DRAM_DQ[0]
set_location_assignment PIN_T10 -to DRAM_DQ[1]
set_instance_assignment -name IO_STANDARD "3.3-V LVCMOS" -to DRAM_DQ[1]
set_location_assignment PIN_R9 -to DRAM_DQ[2]
set_instance_assignment -name IO_STANDARD "3.3-V LVCMOS" -to DRAM_DQ[2]
set_location_assignment PIN_Y11 -to DRAM_DQ[3]
set_instance_assignment -name IO_STANDARD "3.3-V LVCMOS" -to DRAM_DQ[3]
set_location_assignment PIN_R10 -to DRAM_DQ[4]
set_instance_assignment -name IO_STANDARD "3.3-V LVCMOS" -to DRAM_DQ[4]
set_location_assignment PIN_R11 -to DRAM_DQ[5]
set_instance_assignment -name IO_STANDARD "3.3-V LVCMOS" -to DRAM_DQ[5]
set_location_assignment PIN_R12 -to DRAM_DQ[6]
set_instance_assignment -name IO_STANDARD "3.3-V LVCMOS" -to DRAM_DQ[6]
set_location_assignment PIN_AA12 -to DRAM_DQ[7]
set_instance_assignment -name IO_STANDARD "3.3-V LVCMOS" -to DRAM_DQ[7]
set_location_assignment PIN_AA9 -to DRAM_DQ[8]
set_instance_assignment -name IO_STANDARD "3.3-V LVCMOS" -to DRAM_DQ[8]
set_location_assignment PIN_AB8 -to DRAM_DQ[9]
set_instance_assignment -name IO_STANDARD "3.3-V LVCMOS" -to DRAM_DQ[9]
set_location_assignment PIN_AA8 -to DRAM_DQ[10]
set_instance_assignment -name IO_STANDARD "3.3-V LVCMOS" -to DRAM_DQ[10]
set_location_assignment PIN_AA7 -to DRAM_DQ[11]
set_instance_assignment -name IO_STANDARD "3.3-V LVCMOS" -to DRAM_DQ[11]
set_location_assignment PIN_V10 -to DRAM_DQ[12]
set_instance_assignment -name IO_STANDARD "3.3-V LVCMOS" -to DRAM_DQ[12]
set_location_assignment PIN_V9 -to DRAM_DQ[13]
set_instance_assignment -name IO_STANDARD "3.3-V LVCMOS" -to DRAM_DQ[13]
set_location_assignment PIN_U10 -to DRAM_DQ[14]
set_instance_assignment -name IO_STANDARD "3.3-V LVCMOS" -to DRAM_DQ[14]
set_location_assignment PIN_T9 -to DRAM_DQ[15]
set_instance_assignment -name IO_STANDARD "3.3-V LVCMOS" -to DRAM_DQ[15]

set_location_assignment PIN_T7 -to DRAM_BA[0]
set_instance_assignment -name IO_STANDARD "3.3-V LVCMOS" -to DRAM_BA[0]
set_location_assignment PIN_AB7 -to DRAM_BA[1]
set_instance_assignment -name IO_STANDARD "3.3-V LVCMOS" -to DRAM_BA[1]

set_location_assignment PIN_U12 -to DRAM_LDQM
set_instance_assignment -name IO_STANDARD "3.3-V LVCMOS" -to DRAM_LDQM
set_location_assignment PIN_N8 -to DRAM_UDQM
set_instance_assignment -name IO_STANDARD "3.3-V LVCMOS" -to DRAM_UDQM

set_location_assignment PIN_AB6 -to DRAM_RAS_N
set_instance_assignment -name IO_STANDARD "3.3-V LVCMOS" -to DRAM_RAS_N
set_location_assignment PIN_V6 -to DRAM_CAS_N
set_instance_assignment -name IO_STANDARD "3.3-V LVCMOS" -to DRAM_CAS_N
set_location_assignment PIN_R6 -to DRAM_CKE
set_instance_assignment -name IO_STANDARD "3.3-V LVCMOS" -to DRAM_CKE
set_location_assignment PIN_AB11 -to DRAM_CLK
set_instance_assignment -name IO_STANDARD "3.3-V LVCMOS" -to DRAM_CLK
set_location_assignment PIN_AB5 -to DRAM_WE_N
set_instance_assignment -name IO_STANDARD "3.3-V LVCMOS" -to DRAM_WE_N
set_location_assignment PIN_U6 -to DRAM_CS_N
set_instance_assignment -name IO_STANDARD "3.3-V LVCMOS" -to DRAM_CS_N

set_global_assignment -name PARTITION_NETLIST_TYPE SOURCE -section_id Top
set_global_assignment -name PARTITION_FITTER_PRESERVATION_LEVEL PLACEMENT_AND_ROUTING -section_id Top
set_global_assignment -name PARTITION_COLOR 16764057 -section_id Top
set_instance_assignment -name PARTITION_HIERARCHY root_partition -to | -section_id Top
